// !$*UTF8*$!
{
	archiveVersion = 1;
	classes = {
	};
	objectVersion = 50;
	objects = {

/* Begin PBXBuildFile section */
		01126A0726EBD9B2001484C4 /* AppDelegate.swift in Sources */ = {isa = PBXBuildFile; fileRef = 01126A0626EBD9B2001484C4 /* AppDelegate.swift */; };
		01126A0926EBD9B2001484C4 /* SceneDelegate.swift in Sources */ = {isa = PBXBuildFile; fileRef = 01126A0826EBD9B2001484C4 /* SceneDelegate.swift */; };
		01126A0B26EBD9B2001484C4 /* ViewController.swift in Sources */ = {isa = PBXBuildFile; fileRef = 01126A0A26EBD9B2001484C4 /* ViewController.swift */; };
		01126A0E26EBD9B2001484C4 /* Main.storyboard in Resources */ = {isa = PBXBuildFile; fileRef = 01126A0C26EBD9B2001484C4 /* Main.storyboard */; };
		01126A1126EBD9B2001484C4 /* pop_up.xcdatamodeld in Sources */ = {isa = PBXBuildFile; fileRef = 01126A0F26EBD9B2001484C4 /* pop_up.xcdatamodeld */; };
		01126A1326EBD9B4001484C4 /* Assets.xcassets in Resources */ = {isa = PBXBuildFile; fileRef = 01126A1226EBD9B4001484C4 /* Assets.xcassets */; };
		01126A1626EBD9B4001484C4 /* LaunchScreen.storyboard in Resources */ = {isa = PBXBuildFile; fileRef = 01126A1426EBD9B4001484C4 /* LaunchScreen.storyboard */; };
		01126A2126EBD9B4001484C4 /* pop_upTests.swift in Sources */ = {isa = PBXBuildFile; fileRef = 01126A2026EBD9B4001484C4 /* pop_upTests.swift */; };
		01126A2C26EBD9B4001484C4 /* pop_upUITests.swift in Sources */ = {isa = PBXBuildFile; fileRef = 01126A2B26EBD9B4001484C4 /* pop_upUITests.swift */; };
		01126A3A26EBEDF2001484C4 /* addDataTimeTrackView.swift in Sources */ = {isa = PBXBuildFile; fileRef = 01126A3926EBEDF2001484C4 /* addDataTimeTrackView.swift */; };
		01126A3C26EBF4C7001484C4 /* logView.swift in Sources */ = {isa = PBXBuildFile; fileRef = 01126A3B26EBF4C7001484C4 /* logView.swift */; };
		01126A3E26EBFF40001484C4 /* dailyViewOfTheScroll.swift in Sources */ = {isa = PBXBuildFile; fileRef = 01126A3D26EBFF40001484C4 /* dailyViewOfTheScroll.swift */; };
		01126A4026EC010A001484C4 /* viewTheDaya.swift in Sources */ = {isa = PBXBuildFile; fileRef = 01126A3F26EC010A001484C4 /* viewTheDaya.swift */; };
/* End PBXBuildFile section */

/* Begin PBXContainerItemProxy section */
		01126A1D26EBD9B4001484C4 /* PBXContainerItemProxy */ = {
			isa = PBXContainerItemProxy;
			containerPortal = 011269FB26EBD9B2001484C4 /* Project object */;
			proxyType = 1;
			remoteGlobalIDString = 01126A0226EBD9B2001484C4;
			remoteInfo = pop_up;
		};
		01126A2826EBD9B4001484C4 /* PBXContainerItemProxy */ = {
			isa = PBXContainerItemProxy;
			containerPortal = 011269FB26EBD9B2001484C4 /* Project object */;
			proxyType = 1;
			remoteGlobalIDString = 01126A0226EBD9B2001484C4;
			remoteInfo = pop_up;
		};
/* End PBXContainerItemProxy section */

/* Begin PBXFileReference section */
		01126A0326EBD9B2001484C4 /* pop_up.app */ = {isa = PBXFileReference; explicitFileType = wrapper.application; includeInIndex = 0; path = pop_up.app; sourceTree = BUILT_PRODUCTS_DIR; };
		01126A0626EBD9B2001484C4 /* AppDelegate.swift */ = {isa = PBXFileReference; lastKnownFileType = sourcecode.swift; path = AppDelegate.swift; sourceTree = "<group>"; };
		01126A0826EBD9B2001484C4 /* SceneDelegate.swift */ = {isa = PBXFileReference; lastKnownFileType = sourcecode.swift; path = SceneDelegate.swift; sourceTree = "<group>"; };
		01126A0A26EBD9B2001484C4 /* ViewController.swift */ = {isa = PBXFileReference; lastKnownFileType = sourcecode.swift; path = ViewController.swift; sourceTree = "<group>"; };
		01126A0D26EBD9B2001484C4 /* Base */ = {isa = PBXFileReference; lastKnownFileType = file.storyboard; name = Base; path = Base.lproj/Main.storyboard; sourceTree = "<group>"; };
		01126A1026EBD9B2001484C4 /* pop_up.xcdatamodel */ = {isa = PBXFileReference; lastKnownFileType = wrapper.xcdatamodel; path = pop_up.xcdatamodel; sourceTree = "<group>"; };
		01126A1226EBD9B4001484C4 /* Assets.xcassets */ = {isa = PBXFileReference; lastKnownFileType = folder.assetcatalog; path = Assets.xcassets; sourceTree = "<group>"; };
		01126A1526EBD9B4001484C4 /* Base */ = {isa = PBXFileReference; lastKnownFileType = file.storyboard; name = Base; path = Base.lproj/LaunchScreen.storyboard; sourceTree = "<group>"; };
		01126A1726EBD9B4001484C4 /* Info.plist */ = {isa = PBXFileReference; lastKnownFileType = text.plist.xml; path = Info.plist; sourceTree = "<group>"; };
		01126A1C26EBD9B4001484C4 /* pop_upTests.xctest */ = {isa = PBXFileReference; explicitFileType = wrapper.cfbundle; includeInIndex = 0; path = pop_upTests.xctest; sourceTree = BUILT_PRODUCTS_DIR; };
		01126A2026EBD9B4001484C4 /* pop_upTests.swift */ = {isa = PBXFileReference; lastKnownFileType = sourcecode.swift; path = pop_upTests.swift; sourceTree = "<group>"; };
		01126A2226EBD9B4001484C4 /* Info.plist */ = {isa = PBXFileReference; lastKnownFileType = text.plist.xml; path = Info.plist; sourceTree = "<group>"; };
		01126A2726EBD9B4001484C4 /* pop_upUITests.xctest */ = {isa = PBXFileReference; explicitFileType = wrapper.cfbundle; includeInIndex = 0; path = pop_upUITests.xctest; sourceTree = BUILT_PRODUCTS_DIR; };
		01126A2B26EBD9B4001484C4 /* pop_upUITests.swift */ = {isa = PBXFileReference; lastKnownFileType = sourcecode.swift; path = pop_upUITests.swift; sourceTree = "<group>"; };
		01126A2D26EBD9B4001484C4 /* Info.plist */ = {isa = PBXFileReference; lastKnownFileType = text.plist.xml; path = Info.plist; sourceTree = "<group>"; };
		01126A3926EBEDF2001484C4 /* addDataTimeTrackView.swift */ = {isa = PBXFileReference; lastKnownFileType = sourcecode.swift; path = addDataTimeTrackView.swift; sourceTree = "<group>"; };
		01126A3B26EBF4C7001484C4 /* logView.swift */ = {isa = PBXFileReference; lastKnownFileType = sourcecode.swift; path = logView.swift; sourceTree = "<group>"; };
		01126A3D26EBFF40001484C4 /* dailyViewOfTheScroll.swift */ = {isa = PBXFileReference; lastKnownFileType = sourcecode.swift; path = dailyViewOfTheScroll.swift; sourceTree = "<group>"; };
		01126A3F26EC010A001484C4 /* viewTheDaya.swift */ = {isa = PBXFileReference; lastKnownFileType = sourcecode.swift; path = viewTheDaya.swift; sourceTree = "<group>"; };
/* End PBXFileReference section */

/* Begin PBXFrameworksBuildPhase section */
		01126A0026EBD9B2001484C4 /* Frameworks */ = {
			isa = PBXFrameworksBuildPhase;
			buildActionMask = 2147483647;
			files = (
			);
			runOnlyForDeploymentPostprocessing = 0;
		};
		01126A1926EBD9B4001484C4 /* Frameworks */ = {
			isa = PBXFrameworksBuildPhase;
			buildActionMask = 2147483647;
			files = (
			);
			runOnlyForDeploymentPostprocessing = 0;
		};
		01126A2426EBD9B4001484C4 /* Frameworks */ = {
			isa = PBXFrameworksBuildPhase;
			buildActionMask = 2147483647;
			files = (
			);
			runOnlyForDeploymentPostprocessing = 0;
		};
/* End PBXFrameworksBuildPhase section */

/* Begin PBXGroup section */
		011269FA26EBD9B2001484C4 = {
			isa = PBXGroup;
			children = (
				01126A0526EBD9B2001484C4 /* pop_up */,
				01126A1F26EBD9B4001484C4 /* pop_upTests */,
				01126A2A26EBD9B4001484C4 /* pop_upUITests */,
				01126A0426EBD9B2001484C4 /* Products */,
			);
			sourceTree = "<group>";
		};
		01126A0426EBD9B2001484C4 /* Products */ = {
			isa = PBXGroup;
			children = (
				01126A0326EBD9B2001484C4 /* pop_up.app */,
				01126A1C26EBD9B4001484C4 /* pop_upTests.xctest */,
				01126A2726EBD9B4001484C4 /* pop_upUITests.xctest */,
			);
			name = Products;
			sourceTree = "<group>";
		};
		01126A0526EBD9B2001484C4 /* pop_up */ = {
			isa = PBXGroup;
			children = (
				01126A0626EBD9B2001484C4 /* AppDelegate.swift */,
				01126A0826EBD9B2001484C4 /* SceneDelegate.swift */,
				01126A0A26EBD9B2001484C4 /* ViewController.swift */,
				01126A3926EBEDF2001484C4 /* addDataTimeTrackView.swift */,
				01126A3B26EBF4C7001484C4 /* logView.swift */,
				01126A3D26EBFF40001484C4 /* dailyViewOfTheScroll.swift */,
				01126A3F26EC010A001484C4 /* viewTheDaya.swift */,
				01126A0C26EBD9B2001484C4 /* Main.storyboard */,
				01126A1226EBD9B4001484C4 /* Assets.xcassets */,
				01126A1426EBD9B4001484C4 /* LaunchScreen.storyboard */,
				01126A1726EBD9B4001484C4 /* Info.plist */,
				01126A0F26EBD9B2001484C4 /* pop_up.xcdatamodeld */,
			);
			path = pop_up;
			sourceTree = "<group>";
		};
		01126A1F26EBD9B4001484C4 /* pop_upTests */ = {
			isa = PBXGroup;
			children = (
				01126A2026EBD9B4001484C4 /* pop_upTests.swift */,
				01126A2226EBD9B4001484C4 /* Info.plist */,
			);
			path = pop_upTests;
			sourceTree = "<group>";
		};
		01126A2A26EBD9B4001484C4 /* pop_upUITests */ = {
			isa = PBXGroup;
			children = (
				01126A2B26EBD9B4001484C4 /* pop_upUITests.swift */,
				01126A2D26EBD9B4001484C4 /* Info.plist */,
			);
			path = pop_upUITests;
			sourceTree = "<group>";
		};
/* End PBXGroup section */

/* Begin PBXNativeTarget section */
		01126A0226EBD9B2001484C4 /* pop_up */ = {
			isa = PBXNativeTarget;
			buildConfigurationList = 01126A3026EBD9B4001484C4 /* Build configuration list for PBXNativeTarget "pop_up" */;
			buildPhases = (
				011269FF26EBD9B2001484C4 /* Sources */,
				01126A0026EBD9B2001484C4 /* Frameworks */,
				01126A0126EBD9B2001484C4 /* Resources */,
			);
			buildRules = (
			);
			dependencies = (
			);
			name = pop_up;
			productName = pop_up;
			productReference = 01126A0326EBD9B2001484C4 /* pop_up.app */;
			productType = "com.apple.product-type.application";
		};
		01126A1B26EBD9B4001484C4 /* pop_upTests */ = {
			isa = PBXNativeTarget;
			buildConfigurationList = 01126A3326EBD9B4001484C4 /* Build configuration list for PBXNativeTarget "pop_upTests" */;
			buildPhases = (
				01126A1826EBD9B4001484C4 /* Sources */,
				01126A1926EBD9B4001484C4 /* Frameworks */,
				01126A1A26EBD9B4001484C4 /* Resources */,
			);
			buildRules = (
			);
			dependencies = (
				01126A1E26EBD9B4001484C4 /* PBXTargetDependency */,
			);
			name = pop_upTests;
			productName = pop_upTests;
			productReference = 01126A1C26EBD9B4001484C4 /* pop_upTests.xctest */;
			productType = "com.apple.product-type.bundle.unit-test";
		};
		01126A2626EBD9B4001484C4 /* pop_upUITests */ = {
			isa = PBXNativeTarget;
			buildConfigurationList = 01126A3626EBD9B4001484C4 /* Build configuration list for PBXNativeTarget "pop_upUITests" */;
			buildPhases = (
				01126A2326EBD9B4001484C4 /* Sources */,
				01126A2426EBD9B4001484C4 /* Frameworks */,
				01126A2526EBD9B4001484C4 /* Resources */,
			);
			buildRules = (
			);
			dependencies = (
				01126A2926EBD9B4001484C4 /* PBXTargetDependency */,
			);
			name = pop_upUITests;
			productName = pop_upUITests;
			productReference = 01126A2726EBD9B4001484C4 /* pop_upUITests.xctest */;
			productType = "com.apple.product-type.bundle.ui-testing";
		};
/* End PBXNativeTarget section */

/* Begin PBXProject section */
		011269FB26EBD9B2001484C4 /* Project object */ = {
			isa = PBXProject;
			attributes = {
				LastSwiftUpdateCheck = 1250;
				LastUpgradeCheck = 1250;
				TargetAttributes = {
					01126A0226EBD9B2001484C4 = {
						CreatedOnToolsVersion = 12.5;
					};
					01126A1B26EBD9B4001484C4 = {
						CreatedOnToolsVersion = 12.5;
						TestTargetID = 01126A0226EBD9B2001484C4;
					};
					01126A2626EBD9B4001484C4 = {
						CreatedOnToolsVersion = 12.5;
						TestTargetID = 01126A0226EBD9B2001484C4;
					};
				};
			};
			buildConfigurationList = 011269FE26EBD9B2001484C4 /* Build configuration list for PBXProject "pop_up" */;
			compatibilityVersion = "Xcode 9.3";
			developmentRegion = en;
			hasScannedForEncodings = 0;
			knownRegions = (
				en,
				Base,
			);
			mainGroup = 011269FA26EBD9B2001484C4;
			productRefGroup = 01126A0426EBD9B2001484C4 /* Products */;
			projectDirPath = "";
			projectRoot = "";
			targets = (
				01126A0226EBD9B2001484C4 /* pop_up */,
				01126A1B26EBD9B4001484C4 /* pop_upTests */,
				01126A2626EBD9B4001484C4 /* pop_upUITests */,
			);
		};
/* End PBXProject section */

/* Begin PBXResourcesBuildPhase section */
		01126A0126EBD9B2001484C4 /* Resources */ = {
			isa = PBXResourcesBuildPhase;
			buildActionMask = 2147483647;
			files = (
				01126A1626EBD9B4001484C4 /* LaunchScreen.storyboard in Resources */,
				01126A1326EBD9B4001484C4 /* Assets.xcassets in Resources */,
				01126A0E26EBD9B2001484C4 /* Main.storyboard in Resources */,
			);
			runOnlyForDeploymentPostprocessing = 0;
		};
		01126A1A26EBD9B4001484C4 /* Resources */ = {
			isa = PBXResourcesBuildPhase;
			buildActionMask = 2147483647;
			files = (
			);
			runOnlyForDeploymentPostprocessing = 0;
		};
		01126A2526EBD9B4001484C4 /* Resources */ = {
			isa = PBXResourcesBuildPhase;
			buildActionMask = 2147483647;
			files = (
			);
			runOnlyForDeploymentPostprocessing = 0;
		};
/* End PBXResourcesBuildPhase section */

/* Begin PBXSourcesBuildPhase section */
		011269FF26EBD9B2001484C4 /* Sources */ = {
			isa = PBXSourcesBuildPhase;
			buildActionMask = 2147483647;
			files = (
				01126A3A26EBEDF2001484C4 /* addDataTimeTrackView.swift in Sources */,
				01126A0B26EBD9B2001484C4 /* ViewController.swift in Sources */,
				01126A0726EBD9B2001484C4 /* AppDelegate.swift in Sources */,
				01126A1126EBD9B2001484C4 /* pop_up.xcdatamodeld in Sources */,
				01126A3E26EBFF40001484C4 /* dailyViewOfTheScroll.swift in Sources */,
				01126A0926EBD9B2001484C4 /* SceneDelegate.swift in Sources */,
				01126A3C26EBF4C7001484C4 /* logView.swift in Sources */,
				01126A4026EC010A001484C4 /* viewTheDaya.swift in Sources */,
			);
			runOnlyForDeploymentPostprocessing = 0;
		};
		01126A1826EBD9B4001484C4 /* Sources */ = {
			isa = PBXSourcesBuildPhase;
			buildActionMask = 2147483647;
			files = (
				01126A2126EBD9B4001484C4 /* pop_upTests.swift in Sources */,
			);
			runOnlyForDeploymentPostprocessing = 0;
		};
		01126A2326EBD9B4001484C4 /* Sources */ = {
			isa = PBXSourcesBuildPhase;
			buildActionMask = 2147483647;
			files = (
				01126A2C26EBD9B4001484C4 /* pop_upUITests.swift in Sources */,
			);
			runOnlyForDeploymentPostprocessing = 0;
		};
/* End PBXSourcesBuildPhase section */

/* Begin PBXTargetDependency section */
		01126A1E26EBD9B4001484C4 /* PBXTargetDependency */ = {
			isa = PBXTargetDependency;
			target = 01126A0226EBD9B2001484C4 /* pop_up */;
			targetProxy = 01126A1D26EBD9B4001484C4 /* PBXContainerItemProxy */;
		};
		01126A2926EBD9B4001484C4 /* PBXTargetDependency */ = {
			isa = PBXTargetDependency;
			target = 01126A0226EBD9B2001484C4 /* pop_up */;
			targetProxy = 01126A2826EBD9B4001484C4 /* PBXContainerItemProxy */;
		};
/* End PBXTargetDependency section */

/* Begin PBXVariantGroup section */
		01126A0C26EBD9B2001484C4 /* Main.storyboard */ = {
			isa = PBXVariantGroup;
			children = (
				01126A0D26EBD9B2001484C4 /* Base */,
			);
			name = Main.storyboard;
			sourceTree = "<group>";
		};
		01126A1426EBD9B4001484C4 /* LaunchScreen.storyboard */ = {
			isa = PBXVariantGroup;
			children = (
				01126A1526EBD9B4001484C4 /* Base */,
			);
			name = LaunchScreen.storyboard;
			sourceTree = "<group>";
		};
/* End PBXVariantGroup section */

/* Begin XCBuildConfiguration section */
		01126A2E26EBD9B4001484C4 /* Debug */ = {
			isa = XCBuildConfiguration;
			buildSettings = {
				ALWAYS_SEARCH_USER_PATHS = NO;
				CLANG_ANALYZER_NONNULL = YES;
				CLANG_ANALYZER_NUMBER_OBJECT_CONVERSION = YES_AGGRESSIVE;
				CLANG_CXX_LANGUAGE_STANDARD = "gnu++14";
				CLANG_CXX_LIBRARY = "libc++";
				CLANG_ENABLE_MODULES = YES;
				CLANG_ENABLE_OBJC_ARC = YES;
				CLANG_ENABLE_OBJC_WEAK = YES;
				CLANG_WARN_BLOCK_CAPTURE_AUTORELEASING = YES;
				CLANG_WARN_BOOL_CONVERSION = YES;
				CLANG_WARN_COMMA = YES;
				CLANG_WARN_CONSTANT_CONVERSION = YES;
				CLANG_WARN_DEPRECATED_OBJC_IMPLEMENTATIONS = YES;
				CLANG_WARN_DIRECT_OBJC_ISA_USAGE = YES_ERROR;
				CLANG_WARN_DOCUMENTATION_COMMENTS = YES;
				CLANG_WARN_EMPTY_BODY = YES;
				CLANG_WARN_ENUM_CONVERSION = YES;
				CLANG_WARN_INFINITE_RECURSION = YES;
				CLANG_WARN_INT_CONVERSION = YES;
				CLANG_WARN_NON_LITERAL_NULL_CONVERSION = YES;
				CLANG_WARN_OBJC_IMPLICIT_RETAIN_SELF = YES;
				CLANG_WARN_OBJC_LITERAL_CONVERSION = YES;
				CLANG_WARN_OBJC_ROOT_CLASS = YES_ERROR;
				CLANG_WARN_QUOTED_INCLUDE_IN_FRAMEWORK_HEADER = YES;
				CLANG_WARN_RANGE_LOOP_ANALYSIS = YES;
				CLANG_WARN_STRICT_PROTOTYPES = YES;
				CLANG_WARN_SUSPICIOUS_MOVE = YES;
				CLANG_WARN_UNGUARDED_AVAILABILITY = YES_AGGRESSIVE;
				CLANG_WARN_UNREACHABLE_CODE = YES;
				CLANG_WARN__DUPLICATE_METHOD_MATCH = YES;
				COPY_PHASE_STRIP = NO;
				DEBUG_INFORMATION_FORMAT = dwarf;
				ENABLE_STRICT_OBJC_MSGSEND = YES;
				ENABLE_TESTABILITY = YES;
				GCC_C_LANGUAGE_STANDARD = gnu11;
				GCC_DYNAMIC_NO_PIC = NO;
				GCC_NO_COMMON_BLOCKS = YES;
				GCC_OPTIMIZATION_LEVEL = 0;
				GCC_PREPROCESSOR_DEFINITIONS = (
					"DEBUG=1",
					"$(inherited)",
				);
				GCC_WARN_64_TO_32_BIT_CONVERSION = YES;
				GCC_WARN_ABOUT_RETURN_TYPE = YES_ERROR;
				GCC_WARN_UNDECLARED_SELECTOR = YES;
				GCC_WARN_UNINITIALIZED_AUTOS = YES_AGGRESSIVE;
				GCC_WARN_UNUSED_FUNCTION = YES;
				GCC_WARN_UNUSED_VARIABLE = YES;
				IPHONEOS_DEPLOYMENT_TARGET = 14.5;
				MTL_ENABLE_DEBUG_INFO = INCLUDE_SOURCE;
				MTL_FAST_MATH = YES;
				ONLY_ACTIVE_ARCH = YES;
				SDKROOT = iphoneos;
				SWIFT_ACTIVE_COMPILATION_CONDITIONS = DEBUG;
				SWIFT_OPTIMIZATION_LEVEL = "-Onone";
			};
			name = Debug;
		};
		01126A2F26EBD9B4001484C4 /* Release */ = {
			isa = XCBuildConfiguration;
			buildSettings = {
				ALWAYS_SEARCH_USER_PATHS = NO;
				CLANG_ANALYZER_NONNULL = YES;
				CLANG_ANALYZER_NUMBER_OBJECT_CONVERSION = YES_AGGRESSIVE;
				CLANG_CXX_LANGUAGE_STANDARD = "gnu++14";
				CLANG_CXX_LIBRARY = "libc++";
				CLANG_ENABLE_MODULES = YES;
				CLANG_ENABLE_OBJC_ARC = YES;
				CLANG_ENABLE_OBJC_WEAK = YES;
				CLANG_WARN_BLOCK_CAPTURE_AUTORELEASING = YES;
				CLANG_WARN_BOOL_CONVERSION = YES;
				CLANG_WARN_COMMA = YES;
				CLANG_WARN_CONSTANT_CONVERSION = YES;
				CLANG_WARN_DEPRECATED_OBJC_IMPLEMENTATIONS = YES;
				CLANG_WARN_DIRECT_OBJC_ISA_USAGE = YES_ERROR;
				CLANG_WARN_DOCUMENTATION_COMMENTS = YES;
				CLANG_WARN_EMPTY_BODY = YES;
				CLANG_WARN_ENUM_CONVERSION = YES;
				CLANG_WARN_INFINITE_RECURSION = YES;
				CLANG_WARN_INT_CONVERSION = YES;
				CLANG_WARN_NON_LITERAL_NULL_CONVERSION = YES;
				CLANG_WARN_OBJC_IMPLICIT_RETAIN_SELF = YES;
				CLANG_WARN_OBJC_LITERAL_CONVERSION = YES;
				CLANG_WARN_OBJC_ROOT_CLASS = YES_ERROR;
				CLANG_WARN_QUOTED_INCLUDE_IN_FRAMEWORK_HEADER = YES;
				CLANG_WARN_RANGE_LOOP_ANALYSIS = YES;
				CLANG_WARN_STRICT_PROTOTYPES = YES;
				CLANG_WARN_SUSPICIOUS_MOVE = YES;
				CLANG_WARN_UNGUARDED_AVAILABILITY = YES_AGGRESSIVE;
				CLANG_WARN_UNREACHABLE_CODE = YES;
				CLANG_WARN__DUPLICATE_METHOD_MATCH = YES;
				COPY_PHASE_STRIP = NO;
				DEBUG_INFORMATION_FORMAT = "dwarf-with-dsym";
				ENABLE_NS_ASSERTIONS = NO;
				ENABLE_STRICT_OBJC_MSGSEND = YES;
				GCC_C_LANGUAGE_STANDARD = gnu11;
				GCC_NO_COMMON_BLOCKS = YES;
				GCC_WARN_64_TO_32_BIT_CONVERSION = YES;
				GCC_WARN_ABOUT_RETURN_TYPE = YES_ERROR;
				GCC_WARN_UNDECLARED_SELECTOR = YES;
				GCC_WARN_UNINITIALIZED_AUTOS = YES_AGGRESSIVE;
				GCC_WARN_UNUSED_FUNCTION = YES;
				GCC_WARN_UNUSED_VARIABLE = YES;
				IPHONEOS_DEPLOYMENT_TARGET = 14.5;
				MTL_ENABLE_DEBUG_INFO = NO;
				MTL_FAST_MATH = YES;
				SDKROOT = iphoneos;
				SWIFT_COMPILATION_MODE = wholemodule;
				SWIFT_OPTIMIZATION_LEVEL = "-O";
				VALIDATE_PRODUCT = YES;
			};
			name = Release;
		};
		01126A3126EBD9B4001484C4 /* Debug */ = {
			isa = XCBuildConfiguration;
			buildSettings = {
				ASSETCATALOG_COMPILER_APPICON_NAME = AppIcon;
				ASSETCATALOG_COMPILER_GLOBAL_ACCENT_COLOR_NAME = AccentColor;
				CODE_SIGN_STYLE = Automatic;
				DEVELOPMENT_TEAM = W4SS5R7T6L;
				INFOPLIST_FILE = pop_up/Info.plist;
				LD_RUNPATH_SEARCH_PATHS = (
					"$(inherited)",
					"@executable_path/Frameworks",
				);
				PRODUCT_BUNDLE_IDENTIFIER = "DD.pop-up";
				PRODUCT_NAME = "$(TARGET_NAME)";
				SWIFT_VERSION = 5.0;
				TARGETED_DEVICE_FAMILY = "1,2";
			};
			name = Debug;
		};
		01126A3226EBD9B4001484C4 /* Release */ = {
			isa = XCBuildConfiguration;
			buildSettings = {
				ASSETCATALOG_COMPILER_APPICON_NAME = AppIcon;
				ASSETCATALOG_COMPILER_GLOBAL_ACCENT_COLOR_NAME = AccentColor;
				CODE_SIGN_STYLE = Automatic;
				DEVELOPMENT_TEAM = W4SS5R7T6L;
				INFOPLIST_FILE = pop_up/Info.plist;
				LD_RUNPATH_SEARCH_PATHS = (
					"$(inherited)",
					"@executable_path/Frameworks",
				);
				PRODUCT_BUNDLE_IDENTIFIER = "DD.pop-up";
				PRODUCT_NAME = "$(TARGET_NAME)";
				SWIFT_VERSION = 5.0;
				TARGETED_DEVICE_FAMILY = "1,2";
			};
			name = Release;
		};
		01126A3426EBD9B4001484C4 /* Debug */ = {
			isa = XCBuildConfiguration;
			buildSettings = {
				ALWAYS_EMBED_SWIFT_STANDARD_LIBRARIES = YES;
				BUNDLE_LOADER = "$(TEST_HOST)";
				CODE_SIGN_STYLE = Automatic;
				DEVELOPMENT_TEAM = W4SS5R7T6L;
				INFOPLIST_FILE = pop_upTests/Info.plist;
				IPHONEOS_DEPLOYMENT_TARGET = 14.5;
				LD_RUNPATH_SEARCH_PATHS = (
					"$(inherited)",
					"@executable_path/Frameworks",
					"@loader_path/Frameworks",
				);
				PRODUCT_BUNDLE_IDENTIFIER = "DD.pop-upTests";
				PRODUCT_NAME = "$(TARGET_NAME)";
				SWIFT_VERSION = 5.0;
				TARGETED_DEVICE_FAMILY = "1,2";
				TEST_HOST = "$(BUILT_PRODUCTS_DIR)/pop_up.app/pop_up";
			};
			name = Debug;
		};
		01126A3526EBD9B4001484C4 /* Release */ = {
			isa = XCBuildConfiguration;
			buildSettings = {
				ALWAYS_EMBED_SWIFT_STANDARD_LIBRARIES = YES;
				BUNDLE_LOADER = "$(TEST_HOST)";
				CODE_SIGN_STYLE = Automatic;
				DEVELOPMENT_TEAM = W4SS5R7T6L;
				INFOPLIST_FILE = pop_upTests/Info.plist;
				IPHONEOS_DEPLOYMENT_TARGET = 14.5;
				LD_RUNPATH_SEARCH_PATHS = (
					"$(inherited)",
					"@executable_path/Frameworks",
					"@loader_path/Frameworks",
				);
				PRODUCT_BUNDLE_IDENTIFIER = "DD.pop-upTests";
				PRODUCT_NAME = "$(TARGET_NAME)";
				SWIFT_VERSION = 5.0;
				TARGETED_DEVICE_FAMILY = "1,2";
				TEST_HOST = "$(BUILT_PRODUCTS_DIR)/pop_up.app/pop_up";
			};
			name = Release;
		};
		01126A3726EBD9B4001484C4 /* Debug */ = {
			isa = XCBuildConfiguration;
			buildSettings = {
				ALWAYS_EMBED_SWIFT_STANDARD_LIBRARIES = YES;
				CODE_SIGN_STYLE = Automatic;
				DEVELOPMENT_TEAM = W4SS5R7T6L;
				INFOPLIST_FILE = pop_upUITests/Info.plist;
				LD_RUNPATH_SEARCH_PATHS = (
					"$(inherited)",
					"@executable_path/Frameworks",
					"@loader_path/Frameworks",
				);
				PRODUCT_BUNDLE_IDENTIFIER = "DD.pop-upUITests";
				PRODUCT_NAME = "$(TARGET_NAME)";
				SWIFT_VERSION = 5.0;
				TARGETED_DEVICE_FAMILY = "1,2";
				TEST_TARGET_NAME = pop_up;
			};
			name = Debug;
		};
		01126A3826EBD9B4001484C4 /* Release */ = {
			isa = XCBuildConfiguration;
			buildSettings = {
				ALWAYS_EMBED_SWIFT_STANDARD_LIBRARIES = YES;
				CODE_SIGN_STYLE = Automatic;
				DEVELOPMENT_TEAM = W4SS5R7T6L;
				INFOPLIST_FILE = pop_upUITests/Info.plist;
				LD_RUNPATH_SEARCH_PATHS = (
					"$(inherited)",
					"@executable_path/Frameworks",
					"@loader_path/Frameworks",
				);
				PRODUCT_BUNDLE_IDENTIFIER = "DD.pop-upUITests";
				PRODUCT_NAME = "$(TARGET_NAME)";
				SWIFT_VERSION = 5.0;
				TARGETED_DEVICE_FAMILY = "1,2";
				TEST_TARGET_NAME = pop_up;
			};
			name = Release;
		};
/* End XCBuildConfiguration section */

/* Begin XCConfigurationList section */
		011269FE26EBD9B2001484C4 /* Build configuration list for PBXProject "pop_up" */ = {
			isa = XCConfigurationList;
			buildConfigurations = (
				01126A2E26EBD9B4001484C4 /* Debug */,
				01126A2F26EBD9B4001484C4 /* Release */,
			);
			defaultConfigurationIsVisible = 0;
			defaultConfigurationName = Release;
		};
		01126A3026EBD9B4001484C4 /* Build configuration list for PBXNativeTarget "pop_up" */ = {
			isa = XCConfigurationList;
			buildConfigurations = (
				01126A3126EBD9B4001484C4 /* Debug */,
				01126A3226EBD9B4001484C4 /* Release */,
			);
			defaultConfigurationIsVisible = 0;
			defaultConfigurationName = Release;
		};
		01126A3326EBD9B4001484C4 /* Build configuration list for PBXNativeTarget "pop_upTests" */ = {
			isa = XCConfigurationList;
			buildConfigurations = (
				01126A3426EBD9B4001484C4 /* Debug */,
				01126A3526EBD9B4001484C4 /* Release */,
			);
			defaultConfigurationIsVisible = 0;
			defaultConfigurationName = Release;
		};
		01126A3626EBD9B4001484C4 /* Build configuration list for PBXNativeTarget "pop_upUITests" */ = {
			isa = XCConfigurationList;
			buildConfigurations = (
				01126A3726EBD9B4001484C4 /* Debug */,
				01126A3826EBD9B4001484C4 /* Release */,
			);
			defaultConfigurationIsVisible = 0;
			defaultConfigurationName = Release;
		};
/* End XCConfigurationList section */

/* Begin XCVersionGroup section */
		01126A0F26EBD9B2001484C4 /* pop_up.xcdatamodeld */ = {
			isa = XCVersionGroup;
			children = (
				01126A1026EBD9B2001484C4 /* pop_up.xcdatamodel */,
			);
			currentVersion = 01126A1026EBD9B2001484C4 /* pop_up.xcdatamodel */;
			path = pop_up.xcdatamodeld;
			sourceTree = "<group>";
			versionGroupType = wrapper.xcdatamodel;
		};
/* End XCVersionGroup section */
	};
	rootObject = 011269FB26EBD9B2001484C4 /* Project object */;
}
